
Microsoft Visual Studio Solution File, Format Version 12.00
# Visual Studio Version 17
VisualStudioVersion = 17.4.33213.308
MinimumVisualStudioVersion = 10.0.40219.1
Project("{FAE04EC0-301F-11D3-BF4B-00C04F79EFBC}") = "ToDoList", "ToDoList\ToDoList.csproj", "{1CD8537B-AFFA-43D8-9C10-F71CB5624682}"
EndProject
Project("{FAE04EC0-301F-11D3-BF4B-00C04F79EFBC}") = "ToDoList.Db", "ToDoList.Db\ToDoList.Db.csproj", "{BD6957DB-2E5D-4D9B-9BB8-9EEABC8F164F}"
EndProject
Global
	GlobalSection(SolutionConfigurationPlatforms) = preSolution
		Debug|Any CPU = Debug|Any CPU
		Release|Any CPU = Release|Any CPU
	EndGlobalSection
	GlobalSection(ProjectConfigurationPlatforms) = postSolution
		{1CD8537B-AFFA-43D8-9C10-F71CB5624682}.Debug|Any CPU.ActiveCfg = Debug|Any CPU
		{1CD8537B-AFFA-43D8-9C10-F71CB5624682}.Debug|Any CPU.Build.0 = Debug|Any CPU
		{1CD8537B-AFFA-43D8-9C10-F71CB5624682}.Release|Any CPU.ActiveCfg = Release|Any CPU
		{1CD8537B-AFFA-43D8-9C10-F71CB5624682}.Release|Any CPU.Build.0 = Release|Any CPU
		{BD6957DB-2E5D-4D9B-9BB8-9EEABC8F164F}.Debug|Any CPU.ActiveCfg = Debug|Any CPU
		{BD6957DB-2E5D-4D9B-9BB8-9EEABC8F164F}.Debug|Any CPU.Build.0 = Debug|Any CPU
		{BD6957DB-2E5D-4D9B-9BB8-9EEABC8F164F}.Release|Any CPU.ActiveCfg = Release|Any CPU
		{BD6957DB-2E5D-4D9B-9BB8-9EEABC8F164F}.Release|Any CPU.Build.0 = Release|Any CPU
	EndGlobalSection
	GlobalSection(SolutionProperties) = preSolution
		HideSolutionNode = FALSE
	EndGlobalSection
	GlobalSection(ExtensibilityGlobals) = postSolution
		SolutionGuid = {87B1DE54-C7F2-4AEB-95A6-C3110659C54E}
	EndGlobalSection
EndGlobal
